
Microsoft Visual Studio Solution File, Format Version 12.00
# Visual Studio Version 16
VisualStudioVersion = 25.0.1704.2
MinimumVisualStudioVersion = 10.0.40219.1
Project("{FAE04EC0-301F-11D3-BF4B-00C04F79EFBC}") = "openmarket", "openmarket.csproj", "{211FF058-63EB-4CBA-80AF-C34EB9FED13A}"
EndProject
Global
	GlobalSection(SolutionConfigurationPlatforms) = preSolution
		Debug|Any CPU = Debug|Any CPU
		Release|Any CPU = Release|Any CPU
	EndGlobalSection
	GlobalSection(ProjectConfigurationPlatforms) = postSolution
		{211FF058-63EB-4CBA-80AF-C34EB9FED13A}.Debug|Any CPU.ActiveCfg = Debug|Any CPU
		{211FF058-63EB-4CBA-80AF-C34EB9FED13A}.Debug|Any CPU.Build.0 = Debug|Any CPU
		{211FF058-63EB-4CBA-80AF-C34EB9FED13A}.Release|Any CPU.ActiveCfg = Release|Any CPU
		{211FF058-63EB-4CBA-80AF-C34EB9FED13A}.Release|Any CPU.Build.0 = Release|Any CPU
	EndGlobalSection
	GlobalSection(SolutionProperties) = preSolution
		HideSolutionNode = FALSE
	EndGlobalSection
	GlobalSection(ExtensibilityGlobals) = postSolution
		SolutionGuid = {D0DDB93E-4DC8-4B18-A421-1214B8455F13}
	EndGlobalSection
EndGlobal
